
Microsoft Visual Studio Solution File, Format Version 12.00
# Visual Studio 15
VisualStudioVersion = 15.0.27130.2036
MinimumVisualStudioVersion = 10.0.40219.1
Project("{FAE04EC0-301F-11D3-BF4B-00C04F79EFBC}") = "DynamicXml", "DynamicXml\DynamicXml.csproj", "{7EA28498-12CB-465C-A535-43DE488734E5}"
EndProject
Project("{FAE04EC0-301F-11D3-BF4B-00C04F79EFBC}") = "DynamicXmlTests", "DynamicXmlTests\DynamicXmlTests.csproj", "{F12B3790-68B2-4CBB-B721-30483B49DF54}"
EndProject
Project("{FAE04EC0-301F-11D3-BF4B-00C04F79EFBC}") = "DynamicXML.CWLoanUnderwritingTests", "DynamicXML.CWLoanUnderwritingTests\DynamicXML.CWLoanUnderwritingTests.csproj", "{75448698-7309-48E9-AF5F-28CDB84D1876}"
EndProject
Project("{FAE04EC0-301F-11D3-BF4B-00C04F79EFBC}") = "TypeExtensionsTests", "DynamicXmlTests1\TypeExtensionsTests.csproj", "{94A134DE-3DEA-4D66-97CD-D8C75148F5DA}"
EndProject
Project("{FAE04EC0-301F-11D3-BF4B-00C04F79EFBC}") = "Shared", "Shared\Shared.csproj", "{81DAE6A6-91D5-44EA-A777-A4B96CA17134}"
EndProject
Global
	GlobalSection(SolutionConfigurationPlatforms) = preSolution
		Debug|Any CPU = Debug|Any CPU
		Release|Any CPU = Release|Any CPU
	EndGlobalSection
	GlobalSection(ProjectConfigurationPlatforms) = postSolution
		{7EA28498-12CB-465C-A535-43DE488734E5}.Debug|Any CPU.ActiveCfg = Debug|Any CPU
		{7EA28498-12CB-465C-A535-43DE488734E5}.Debug|Any CPU.Build.0 = Debug|Any CPU
		{7EA28498-12CB-465C-A535-43DE488734E5}.Release|Any CPU.ActiveCfg = Release|Any CPU
		{7EA28498-12CB-465C-A535-43DE488734E5}.Release|Any CPU.Build.0 = Release|Any CPU
		{F12B3790-68B2-4CBB-B721-30483B49DF54}.Debug|Any CPU.ActiveCfg = Debug|Any CPU
		{F12B3790-68B2-4CBB-B721-30483B49DF54}.Debug|Any CPU.Build.0 = Debug|Any CPU
		{F12B3790-68B2-4CBB-B721-30483B49DF54}.Release|Any CPU.ActiveCfg = Release|Any CPU
		{F12B3790-68B2-4CBB-B721-30483B49DF54}.Release|Any CPU.Build.0 = Release|Any CPU
		{75448698-7309-48E9-AF5F-28CDB84D1876}.Debug|Any CPU.ActiveCfg = Debug|Any CPU
		{75448698-7309-48E9-AF5F-28CDB84D1876}.Debug|Any CPU.Build.0 = Debug|Any CPU
		{75448698-7309-48E9-AF5F-28CDB84D1876}.Release|Any CPU.ActiveCfg = Release|Any CPU
		{75448698-7309-48E9-AF5F-28CDB84D1876}.Release|Any CPU.Build.0 = Release|Any CPU
		{94A134DE-3DEA-4D66-97CD-D8C75148F5DA}.Debug|Any CPU.ActiveCfg = Debug|Any CPU
		{94A134DE-3DEA-4D66-97CD-D8C75148F5DA}.Debug|Any CPU.Build.0 = Debug|Any CPU
		{94A134DE-3DEA-4D66-97CD-D8C75148F5DA}.Release|Any CPU.ActiveCfg = Release|Any CPU
		{94A134DE-3DEA-4D66-97CD-D8C75148F5DA}.Release|Any CPU.Build.0 = Release|Any CPU
		{81DAE6A6-91D5-44EA-A777-A4B96CA17134}.Debug|Any CPU.ActiveCfg = Debug|Any CPU
		{81DAE6A6-91D5-44EA-A777-A4B96CA17134}.Debug|Any CPU.Build.0 = Debug|Any CPU
		{81DAE6A6-91D5-44EA-A777-A4B96CA17134}.Release|Any CPU.ActiveCfg = Release|Any CPU
		{81DAE6A6-91D5-44EA-A777-A4B96CA17134}.Release|Any CPU.Build.0 = Release|Any CPU
	EndGlobalSection
	GlobalSection(SolutionProperties) = preSolution
		HideSolutionNode = FALSE
	EndGlobalSection
	GlobalSection(ExtensibilityGlobals) = postSolution
		SolutionGuid = {33515FAC-1596-45BE-BB43-9F17CD4827BF}
	EndGlobalSection
EndGlobal
